%{"cowboy": {:git, "https://github.com/ninenines/cowboy.git", "c5a9771ac4f7844b61b5e36bfc7eb371a082c560", [tag: "2.0.0-pre.4"]},
  "cowlib": {:git, "https://github.com/ninenines/cowlib", "8e6d0f462850a90bd8a60995f52027839288d038", [ref: "master"]},
  "ranch": {:git, "https://github.com/ninenines/ranch", "a5d2efcde9a34ad38ab89a26d98ea5335e88625a", [ref: "1.2.1"]}}
